
Microsoft Visual Studio Solution File, Format Version 12.00
# Visual Studio Version 17
VisualStudioVersion = 17.6.33815.320
MinimumVisualStudioVersion = 10.0.40219.1
Project("{FAE04EC0-301F-11D3-BF4B-00C04F79EFBC}") = "VentadeBebidas", "VentadeBebidas\VentadeBebidas.csproj", "{F5004799-D2C0-49DE-9E9B-014CD70ED13E}"
EndProject
Global
	GlobalSection(SolutionConfigurationPlatforms) = preSolution
		Debug|Any CPU = Debug|Any CPU
		Release|Any CPU = Release|Any CPU
	EndGlobalSection
	GlobalSection(ProjectConfigurationPlatforms) = postSolution
		{F5004799-D2C0-49DE-9E9B-014CD70ED13E}.Debug|Any CPU.ActiveCfg = Debug|Any CPU
		{F5004799-D2C0-49DE-9E9B-014CD70ED13E}.Debug|Any CPU.Build.0 = Debug|Any CPU
		{F5004799-D2C0-49DE-9E9B-014CD70ED13E}.Release|Any CPU.ActiveCfg = Release|Any CPU
		{F5004799-D2C0-49DE-9E9B-014CD70ED13E}.Release|Any CPU.Build.0 = Release|Any CPU
	EndGlobalSection
	GlobalSection(SolutionProperties) = preSolution
		HideSolutionNode = FALSE
	EndGlobalSection
	GlobalSection(ExtensibilityGlobals) = postSolution
		SolutionGuid = {6A92423B-5670-4E64-AF13-0EC204D42C68}
	EndGlobalSection
EndGlobal
